PODS:
  - rms-mobile-xdk-cocoapods (3.33.6-rc4)

DEPENDENCIES:
  - rms-mobile-xdk-cocoapods (from `../`)

EXTERNAL SOURCES:
  rms-mobile-xdk-cocoapods:
    :path: "../"

SPEC CHECKSUMS:
  rms-mobile-xdk-cocoapods: 606febdec90dcb43c029913e65f3fccd16cd08af

PODFILE CHECKSUM: 6f4caaf38cdf3b29c4c0219b787311e539fae4f0

COCOAPODS: 1.14.3
